// !$*UTF8*$!
{
	archiveVersion = 1;
	classes = {
	};
	objectVersion = 56;
	objects = {

/* Begin PBXBuildFile section */
		8E6395572C2B504100504E91 /* AppDelegate.swift in Sources */ = {isa = PBXBuildFile; fileRef = 8E6395562C2B504100504E91 /* AppDelegate.swift */; };
		8E6395592C2B504100504E91 /* SceneDelegate.swift in Sources */ = {isa = PBXBuildFile; fileRef = 8E6395582C2B504100504E91 /* SceneDelegate.swift */; };
		8E63955E2C2B504100504E91 /* Base in Resources */ = {isa = PBXBuildFile; fileRef = 8E63955D2C2B504100504E91 /* Base */; };
		8E6395602C2B504400504E91 /* Assets.xcassets in Resources */ = {isa = PBXBuildFile; fileRef = 8E63955F2C2B504400504E91 /* Assets.xcassets */; };
		8E6395632C2B504400504E91 /* Base in Resources */ = {isa = PBXBuildFile; fileRef = 8E6395622C2B504400504E91 /* Base */; };
		8E63956C2C2B5D4900504E91 /* LoadingViewController.swift in Sources */ = {isa = PBXBuildFile; fileRef = 8E63956B2C2B5D4900504E91 /* LoadingViewController.swift */; };
		8E63956F2C2BACD600504E91 /* Helper.swift in Sources */ = {isa = PBXBuildFile; fileRef = 8E63956E2C2BACD600504E91 /* Helper.swift */; };
		8E6395712C2BAE2800504E91 /* Constants.swift in Sources */ = {isa = PBXBuildFile; fileRef = 8E6395702C2BAE2800504E91 /* Constants.swift */; };
		8E6395732C2BB24900504E91 /* SettingsViewController.swift in Sources */ = {isa = PBXBuildFile; fileRef = 8E6395722C2BB24900504E91 /* SettingsViewController.swift */; };
		8E6395762C2BB9E800504E91 /* PresenterManager.swift in Sources */ = {isa = PBXBuildFile; fileRef = 8E6395752C2BB9E800504E91 /* PresenterManager.swift */; };
		8E6395782C2C89B900504E91 /* OnboardingViewController.swift in Sources */ = {isa = PBXBuildFile; fileRef = 8E6395772C2C89B900504E91 /* OnboardingViewController.swift */; };
/* End PBXBuildFile section */

/* Begin PBXFileReference section */
		8E6395532C2B504100504E91 /* CartaoDeVisitasIOS6.app */ = {isa = PBXFileReference; explicitFileType = wrapper.application; includeInIndex = 0; path = CartaoDeVisitasIOS6.app; sourceTree = BUILT_PRODUCTS_DIR; };
		8E6395562C2B504100504E91 /* AppDelegate.swift */ = {isa = PBXFileReference; lastKnownFileType = sourcecode.swift; path = AppDelegate.swift; sourceTree = "<group>"; };
		8E6395582C2B504100504E91 /* SceneDelegate.swift */ = {isa = PBXFileReference; lastKnownFileType = sourcecode.swift; path = SceneDelegate.swift; sourceTree = "<group>"; };
		8E63955D2C2B504100504E91 /* Base */ = {isa = PBXFileReference; lastKnownFileType = file.storyboard; name = Base; path = Base.lproj/Main.storyboard; sourceTree = "<group>"; };
		8E63955F2C2B504400504E91 /* Assets.xcassets */ = {isa = PBXFileReference; lastKnownFileType = folder.assetcatalog; path = Assets.xcassets; sourceTree = "<group>"; };
		8E6395622C2B504400504E91 /* Base */ = {isa = PBXFileReference; lastKnownFileType = file.storyboard; name = Base; path = Base.lproj/LaunchScreen.storyboard; sourceTree = "<group>"; };
		8E6395642C2B504400504E91 /* Info.plist */ = {isa = PBXFileReference; lastKnownFileType = text.plist.xml; path = Info.plist; sourceTree = "<group>"; };
		8E63956B2C2B5D4900504E91 /* LoadingViewController.swift */ = {isa = PBXFileReference; lastKnownFileType = sourcecode.swift; path = LoadingViewController.swift; sourceTree = "<group>"; };
		8E63956E2C2BACD600504E91 /* Helper.swift */ = {isa = PBXFileReference; lastKnownFileType = sourcecode.swift; path = Helper.swift; sourceTree = "<group>"; };
		8E6395702C2BAE2800504E91 /* Constants.swift */ = {isa = PBXFileReference; lastKnownFileType = sourcecode.swift; path = Constants.swift; sourceTree = "<group>"; };
		8E6395722C2BB24900504E91 /* SettingsViewController.swift */ = {isa = PBXFileReference; lastKnownFileType = sourcecode.swift; path = SettingsViewController.swift; sourceTree = "<group>"; };
		8E6395752C2BB9E800504E91 /* PresenterManager.swift */ = {isa = PBXFileReference; lastKnownFileType = sourcecode.swift; path = PresenterManager.swift; sourceTree = "<group>"; };
		8E6395772C2C89B900504E91 /* OnboardingViewController.swift */ = {isa = PBXFileReference; lastKnownFileType = sourcecode.swift; path = OnboardingViewController.swift; sourceTree = "<group>"; };
/* End PBXFileReference section */

/* Begin PBXFrameworksBuildPhase section */
		8E6395502C2B504100504E91 /* Frameworks */ = {
			isa = PBXFrameworksBuildPhase;
			buildActionMask = 2147483647;
			files = (
			);
			runOnlyForDeploymentPostprocessing = 0;
		};
/* End PBXFrameworksBuildPhase section */

/* Begin PBXGroup section */
		8E63954A2C2B504100504E91 = {
			isa = PBXGroup;
			children = (
				8E6395552C2B504100504E91 /* CartaoDeVisitasIOS6 */,
				8E6395542C2B504100504E91 /* Products */,
			);
			sourceTree = "<group>";
		};
		8E6395542C2B504100504E91 /* Products */ = {
			isa = PBXGroup;
			children = (
				8E6395532C2B504100504E91 /* CartaoDeVisitasIOS6.app */,
			);
			name = Products;
			sourceTree = "<group>";
		};
		8E6395552C2B504100504E91 /* CartaoDeVisitasIOS6 */ = {
			isa = PBXGroup;
			children = (
				8E6395742C2BB9CE00504E91 /* Manager */,
				8E63956D2C2BACC700504E91 /* Helper */,
				8E63956A2C2B5D2800504E91 /* Controller */,
				8E6395562C2B504100504E91 /* AppDelegate.swift */,
				8E6395582C2B504100504E91 /* SceneDelegate.swift */,
				8E63955C2C2B504100504E91 /* Main.storyboard */,
				8E63955F2C2B504400504E91 /* Assets.xcassets */,
				8E6395612C2B504400504E91 /* LaunchScreen.storyboard */,
				8E6395642C2B504400504E91 /* Info.plist */,
			);
			path = CartaoDeVisitasIOS6;
			sourceTree = "<group>";
		};
		8E63956A2C2B5D2800504E91 /* Controller */ = {
			isa = PBXGroup;
			children = (
				8E63956B2C2B5D4900504E91 /* LoadingViewController.swift */,
				8E6395722C2BB24900504E91 /* SettingsViewController.swift */,
				8E6395772C2C89B900504E91 /* OnboardingViewController.swift */,
			);
			path = Controller;
			sourceTree = "<group>";
		};
		8E63956D2C2BACC700504E91 /* Helper */ = {
			isa = PBXGroup;
			children = (
				8E63956E2C2BACD600504E91 /* Helper.swift */,
				8E6395702C2BAE2800504E91 /* Constants.swift */,
			);
			path = Helper;
			sourceTree = "<group>";
		};
		8E6395742C2BB9CE00504E91 /* Manager */ = {
			isa = PBXGroup;
			children = (
				8E6395752C2BB9E800504E91 /* PresenterManager.swift */,
			);
			path = Manager;
			sourceTree = "<group>";
		};
/* End PBXGroup section */

/* Begin PBXNativeTarget section */
		8E6395522C2B504100504E91 /* CartaoDeVisitasIOS6 */ = {
			isa = PBXNativeTarget;
			buildConfigurationList = 8E6395672C2B504400504E91 /* Build configuration list for PBXNativeTarget "CartaoDeVisitasIOS6" */;
			buildPhases = (
				8E63954F2C2B504100504E91 /* Sources */,
				8E6395502C2B504100504E91 /* Frameworks */,
				8E6395512C2B504100504E91 /* Resources */,
			);
			buildRules = (
			);
			dependencies = (
			);
			name = CartaoDeVisitasIOS6;
			productName = CartaoDeVisitasIOS6;
			productReference = 8E6395532C2B504100504E91 /* CartaoDeVisitasIOS6.app */;
			productType = "com.apple.product-type.application";
		};
/* End PBXNativeTarget section */

/* Begin PBXProject section */
		8E63954B2C2B504100504E91 /* Project object */ = {
			isa = PBXProject;
			attributes = {
				BuildIndependentTargetsInParallel = 1;
				LastSwiftUpdateCheck = 1530;
				LastUpgradeCheck = 1530;
				TargetAttributes = {
					8E6395522C2B504100504E91 = {
						CreatedOnToolsVersion = 15.3;
					};
				};
			};
			buildConfigurationList = 8E63954E2C2B504100504E91 /* Build configuration list for PBXProject "CartaoDeVisitasIOS6" */;
			compatibilityVersion = "Xcode 14.0";
			developmentRegion = en;
			hasScannedForEncodings = 0;
			knownRegions = (
				en,
				Base,
			);
			mainGroup = 8E63954A2C2B504100504E91;
			productRefGroup = 8E6395542C2B504100504E91 /* Products */;
			projectDirPath = "";
			projectRoot = "";
			targets = (
				8E6395522C2B504100504E91 /* CartaoDeVisitasIOS6 */,
			);
		};
/* End PBXProject section */

/* Begin PBXResourcesBuildPhase section */
		8E6395512C2B504100504E91 /* Resources */ = {
			isa = PBXResourcesBuildPhase;
			buildActionMask = 2147483647;
			files = (
				8E6395602C2B504400504E91 /* Assets.xcassets in Resources */,
				8E6395632C2B504400504E91 /* Base in Resources */,
				8E63955E2C2B504100504E91 /* Base in Resources */,
			);
			runOnlyForDeploymentPostprocessing = 0;
		};
/* End PBXResourcesBuildPhase section */

/* Begin PBXSourcesBuildPhase section */
		8E63954F2C2B504100504E91 /* Sources */ = {
			isa = PBXSourcesBuildPhase;
			buildActionMask = 2147483647;
			files = (
				8E6395712C2BAE2800504E91 /* Constants.swift in Sources */,
				8E6395572C2B504100504E91 /* AppDelegate.swift in Sources */,
				8E6395592C2B504100504E91 /* SceneDelegate.swift in Sources */,
				8E6395782C2C89B900504E91 /* OnboardingViewController.swift in Sources */,
				8E63956C2C2B5D4900504E91 /* LoadingViewController.swift in Sources */,
				8E63956F2C2BACD600504E91 /* Helper.swift in Sources */,
				8E6395762C2BB9E800504E91 /* PresenterManager.swift in Sources */,
				8E6395732C2BB24900504E91 /* SettingsViewController.swift in Sources */,
			);
			runOnlyForDeploymentPostprocessing = 0;
		};
/* End PBXSourcesBuildPhase section */

/* Begin PBXVariantGroup section */
		8E63955C2C2B504100504E91 /* Main.storyboard */ = {
			isa = PBXVariantGroup;
			children = (
				8E63955D2C2B504100504E91 /* Base */,
			);
			name = Main.storyboard;
			sourceTree = "<group>";
		};
		8E6395612C2B504400504E91 /* LaunchScreen.storyboard */ = {
			isa = PBXVariantGroup;
			children = (
				8E6395622C2B504400504E91 /* Base */,
			);
			name = LaunchScreen.storyboard;
			sourceTree = "<group>";
		};
/* End PBXVariantGroup section */

/* Begin XCBuildConfiguration section */
		8E6395652C2B504400504E91 /* Debug */ = {
			isa = XCBuildConfiguration;
			buildSettings = {
				ALWAYS_SEARCH_USER_PATHS = NO;
				ASSETCATALOG_COMPILER_GENERATE_SWIFT_ASSET_SYMBOL_EXTENSIONS = YES;
				CLANG_ANALYZER_NONNULL = YES;
				CLANG_ANALYZER_NUMBER_OBJECT_CONVERSION = YES_AGGRESSIVE;
				CLANG_CXX_LANGUAGE_STANDARD = "gnu++20";
				CLANG_ENABLE_MODULES = YES;
				CLANG_ENABLE_OBJC_ARC = YES;
				CLANG_ENABLE_OBJC_WEAK = YES;
				CLANG_WARN_BLOCK_CAPTURE_AUTORELEASING = YES;
				CLANG_WARN_BOOL_CONVERSION = YES;
				CLANG_WARN_COMMA = YES;
				CLANG_WARN_CONSTANT_CONVERSION = YES;
				CLANG_WARN_DEPRECATED_OBJC_IMPLEMENTATIONS = YES;
				CLANG_WARN_DIRECT_OBJC_ISA_USAGE = YES_ERROR;
				CLANG_WARN_DOCUMENTATION_COMMENTS = YES;
				CLANG_WARN_EMPTY_BODY = YES;
				CLANG_WARN_ENUM_CONVERSION = YES;
				CLANG_WARN_INFINITE_RECURSION = YES;
				CLANG_WARN_INT_CONVERSION = YES;
				CLANG_WARN_NON_LITERAL_NULL_CONVERSION = YES;
				CLANG_WARN_OBJC_IMPLICIT_RETAIN_SELF = YES;
				CLANG_WARN_OBJC_LITERAL_CONVERSION = YES;
				CLANG_WARN_OBJC_ROOT_CLASS = YES_ERROR;
				CLANG_WARN_QUOTED_INCLUDE_IN_FRAMEWORK_HEADER = YES;
				CLANG_WARN_RANGE_LOOP_ANALYSIS = YES;
				CLANG_WARN_STRICT_PROTOTYPES = YES;
				CLANG_WARN_SUSPICIOUS_MOVE = YES;
				CLANG_WARN_UNGUARDED_AVAILABILITY = YES_AGGRESSIVE;
				CLANG_WARN_UNREACHABLE_CODE = YES;
				CLANG_WARN__DUPLICATE_METHOD_MATCH = YES;
				COPY_PHASE_STRIP = NO;
				DEBUG_INFORMATION_FORMAT = dwarf;
				ENABLE_STRICT_OBJC_MSGSEND = YES;
				ENABLE_TESTABILITY = YES;
				ENABLE_USER_SCRIPT_SANDBOXING = YES;
				GCC_C_LANGUAGE_STANDARD = gnu17;
				GCC_DYNAMIC_NO_PIC = NO;
				GCC_NO_COMMON_BLOCKS = YES;
				GCC_OPTIMIZATION_LEVEL = 0;
				GCC_PREPROCESSOR_DEFINITIONS = (
					"DEBUG=1",
					"$(inherited)",
				);
				GCC_WARN_64_TO_32_BIT_CONVERSION = YES;
				GCC_WARN_ABOUT_RETURN_TYPE = YES_ERROR;
				GCC_WARN_UNDECLARED_SELECTOR = YES;
				GCC_WARN_UNINITIALIZED_AUTOS = YES_AGGRESSIVE;
				GCC_WARN_UNUSED_FUNCTION = YES;
				GCC_WARN_UNUSED_VARIABLE = YES;
				IPHONEOS_DEPLOYMENT_TARGET = 17.4;
				LOCALIZATION_PREFERS_STRING_CATALOGS = YES;
				MTL_ENABLE_DEBUG_INFO = INCLUDE_SOURCE;
				MTL_FAST_MATH = YES;
				ONLY_ACTIVE_ARCH = YES;
				SDKROOT = iphoneos;
				SWIFT_ACTIVE_COMPILATION_CONDITIONS = "DEBUG $(inherited)";
				SWIFT_OPTIMIZATION_LEVEL = "-Onone";
			};
			name = Debug;
		};
		8E6395662C2B504400504E91 /* Release */ = {
			isa = XCBuildConfiguration;
			buildSettings = {
				ALWAYS_SEARCH_USER_PATHS = NO;
				ASSETCATALOG_COMPILER_GENERATE_SWIFT_ASSET_SYMBOL_EXTENSIONS = YES;
				CLANG_ANALYZER_NONNULL = YES;
				CLANG_ANALYZER_NUMBER_OBJECT_CONVERSION = YES_AGGRESSIVE;
				CLANG_CXX_LANGUAGE_STANDARD = "gnu++20";
				CLANG_ENABLE_MODULES = YES;
				CLANG_ENABLE_OBJC_ARC = YES;
				CLANG_ENABLE_OBJC_WEAK = YES;
				CLANG_WARN_BLOCK_CAPTURE_AUTORELEASING = YES;
				CLANG_WARN_BOOL_CONVERSION = YES;
				CLANG_WARN_COMMA = YES;
				CLANG_WARN_CONSTANT_CONVERSION = YES;
				CLANG_WARN_DEPRECATED_OBJC_IMPLEMENTATIONS = YES;
				CLANG_WARN_DIRECT_OBJC_ISA_USAGE = YES_ERROR;
				CLANG_WARN_DOCUMENTATION_COMMENTS = YES;
				CLANG_WARN_EMPTY_BODY = YES;
				CLANG_WARN_ENUM_CONVERSION = YES;
				CLANG_WARN_INFINITE_RECURSION = YES;
				CLANG_WARN_INT_CONVERSION = YES;
				CLANG_WARN_NON_LITERAL_NULL_CONVERSION = YES;
				CLANG_WARN_OBJC_IMPLICIT_RETAIN_SELF = YES;
				CLANG_WARN_OBJC_LITERAL_CONVERSION = YES;
				CLANG_WARN_OBJC_ROOT_CLASS = YES_ERROR;
				CLANG_WARN_QUOTED_INCLUDE_IN_FRAMEWORK_HEADER = YES;
				CLANG_WARN_RANGE_LOOP_ANALYSIS = YES;
				CLANG_WARN_STRICT_PROTOTYPES = YES;
				CLANG_WARN_SUSPICIOUS_MOVE = YES;
				CLANG_WARN_UNGUARDED_AVAILABILITY = YES_AGGRESSIVE;
				CLANG_WARN_UNREACHABLE_CODE = YES;
				CLANG_WARN__DUPLICATE_METHOD_MATCH = YES;
				COPY_PHASE_STRIP = NO;
				DEBUG_INFORMATION_FORMAT = "dwarf-with-dsym";
				ENABLE_NS_ASSERTIONS = NO;
				ENABLE_STRICT_OBJC_MSGSEND = YES;
				ENABLE_USER_SCRIPT_SANDBOXING = YES;
				GCC_C_LANGUAGE_STANDARD = gnu17;
				GCC_NO_COMMON_BLOCKS = YES;
				GCC_WARN_64_TO_32_BIT_CONVERSION = YES;
				GCC_WARN_ABOUT_RETURN_TYPE = YES_ERROR;
				GCC_WARN_UNDECLARED_SELECTOR = YES;
				GCC_WARN_UNINITIALIZED_AUTOS = YES_AGGRESSIVE;
				GCC_WARN_UNUSED_FUNCTION = YES;
				GCC_WARN_UNUSED_VARIABLE = YES;
				IPHONEOS_DEPLOYMENT_TARGET = 17.4;
				LOCALIZATION_PREFERS_STRING_CATALOGS = YES;
				MTL_ENABLE_DEBUG_INFO = NO;
				MTL_FAST_MATH = YES;
				SDKROOT = iphoneos;
				SWIFT_COMPILATION_MODE = wholemodule;
				VALIDATE_PRODUCT = YES;
			};
			name = Release;
		};
		8E6395682C2B504400504E91 /* Debug */ = {
			isa = XCBuildConfiguration;
			buildSettings = {
				ASSETCATALOG_COMPILER_APPICON_NAME = AppIcon;
				ASSETCATALOG_COMPILER_GLOBAL_ACCENT_COLOR_NAME = AccentColor;
				CODE_SIGN_STYLE = Automatic;
				CURRENT_PROJECT_VERSION = 1;
				GENERATE_INFOPLIST_FILE = YES;
				INFOPLIST_FILE = CartaoDeVisitasIOS6/Info.plist;
				INFOPLIST_KEY_UIApplicationSupportsIndirectInputEvents = YES;
				INFOPLIST_KEY_UILaunchStoryboardName = LaunchScreen;
				INFOPLIST_KEY_UIMainStoryboardFile = Main;
				INFOPLIST_KEY_UISupportedInterfaceOrientations_iPad = "UIInterfaceOrientationPortrait UIInterfaceOrientationPortraitUpsideDown UIInterfaceOrientationLandscapeLeft UIInterfaceOrientationLandscapeRight";
				INFOPLIST_KEY_UISupportedInterfaceOrientations_iPhone = "UIInterfaceOrientationPortrait UIInterfaceOrientationLandscapeLeft UIInterfaceOrientationLandscapeRight";
				LD_RUNPATH_SEARCH_PATHS = (
					"$(inherited)",
					"@executable_path/Frameworks",
				);
				MARKETING_VERSION = 1.0;
				PRODUCT_BUNDLE_IDENTIFIER = com.anacarolbs.CartaoDeVisitasIOS6;
				PRODUCT_NAME = "$(TARGET_NAME)";
				SWIFT_EMIT_LOC_STRINGS = YES;
				SWIFT_VERSION = 5.0;
				TARGETED_DEVICE_FAMILY = "1,2";
			};
			name = Debug;
		};
		8E6395692C2B504400504E91 /* Release */ = {
			isa = XCBuildConfiguration;
			buildSettings = {
				ASSETCATALOG_COMPILER_APPICON_NAME = AppIcon;
				ASSETCATALOG_COMPILER_GLOBAL_ACCENT_COLOR_NAME = AccentColor;
				CODE_SIGN_STYLE = Automatic;
				CURRENT_PROJECT_VERSION = 1;
				GENERATE_INFOPLIST_FILE = YES;
				INFOPLIST_FILE = CartaoDeVisitasIOS6/Info.plist;
				INFOPLIST_KEY_UIApplicationSupportsIndirectInputEvents = YES;
				INFOPLIST_KEY_UILaunchStoryboardName = LaunchScreen;
				INFOPLIST_KEY_UIMainStoryboardFile = Main;
				INFOPLIST_KEY_UISupportedInterfaceOrientations_iPad = "UIInterfaceOrientationPortrait UIInterfaceOrientationPortraitUpsideDown UIInterfaceOrientationLandscapeLeft UIInterfaceOrientationLandscapeRight";
				INFOPLIST_KEY_UISupportedInterfaceOrientations_iPhone = "UIInterfaceOrientationPortrait UIInterfaceOrientationLandscapeLeft UIInterfaceOrientationLandscapeRight";
				LD_RUNPATH_SEARCH_PATHS = (
					"$(inherited)",
					"@executable_path/Frameworks",
				);
				MARKETING_VERSION = 1.0;
				PRODUCT_BUNDLE_IDENTIFIER = com.anacarolbs.CartaoDeVisitasIOS6;
				PRODUCT_NAME = "$(TARGET_NAME)";
				SWIFT_EMIT_LOC_STRINGS = YES;
				SWIFT_VERSION = 5.0;
				TARGETED_DEVICE_FAMILY = "1,2";
			};
			name = Release;
		};
/* End XCBuildConfiguration section */

/* Begin XCConfigurationList section */
		8E63954E2C2B504100504E91 /* Build configuration list for PBXProject "CartaoDeVisitasIOS6" */ = {
			isa = XCConfigurationList;
			buildConfigurations = (
				8E6395652C2B504400504E91 /* Debug */,
				8E6395662C2B504400504E91 /* Release */,
			);
			defaultConfigurationIsVisible = 0;
			defaultConfigurationName = Release;
		};
		8E6395672C2B504400504E91 /* Build configuration list for PBXNativeTarget "CartaoDeVisitasIOS6" */ = {
			isa = XCConfigurationList;
			buildConfigurations = (
				8E6395682C2B504400504E91 /* Debug */,
				8E6395692C2B504400504E91 /* Release */,
			);
			defaultConfigurationIsVisible = 0;
			defaultConfigurationName = Release;
		};
/* End XCConfigurationList section */
	};
	rootObject = 8E63954B2C2B504100504E91 /* Project object */;
}
